
Microsoft Visual Studio Solution File, Format Version 10.00
# Visual Studio 2008
Project("{8BC9CEB8-8B4A-11D0-8D11-00A0C91BC942}") = "Win32DownLoad", "Win32DownLoad\Win32DownLoad.vcproj", "{58B2E5E6-E05C-421A-A21D-F37DED6C5C23}"
EndProject
Global
	GlobalSection(SolutionConfigurationPlatforms) = preSolution
		Debug|Win32 = Debug|Win32
		Release|Win32 = Release|Win32
	EndGlobalSection
	GlobalSection(ProjectConfigurationPlatforms) = postSolution
		{58B2E5E6-E05C-421A-A21D-F37DED6C5C23}.Debug|Win32.ActiveCfg = Debug|Win32
		{58B2E5E6-E05C-421A-A21D-F37DED6C5C23}.Debug|Win32.Build.0 = Debug|Win32
		{58B2E5E6-E05C-421A-A21D-F37DED6C5C23}.Release|Win32.ActiveCfg = Release|Win32
		{58B2E5E6-E05C-421A-A21D-F37DED6C5C23}.Release|Win32.Build.0 = Release|Win32
	EndGlobalSection
	GlobalSection(SolutionProperties) = preSolution
		HideSolutionNode = FALSE
	EndGlobalSection
EndGlobal
